// !$*UTF8*$!
{
	archiveVersion = 1;
	classes = {
	};
	objectVersion = 48;
	objects = {

/* Begin PBXBuildFile section */
		5451B620206AFE8B009169A9 /* ViewController.swift in Sources */ = {isa = PBXBuildFile; fileRef = 5451B61F206AFE8B009169A9 /* ViewController.swift */; };
		5451B622206B0CCB009169A9 /* TableViewCell.swift in Sources */ = {isa = PBXBuildFile; fileRef = 5451B621206B0CCB009169A9 /* TableViewCell.swift */; };
		5451B624206B30ED009169A9 /* WebViewController.swift in Sources */ = {isa = PBXBuildFile; fileRef = 5451B623206B30ED009169A9 /* WebViewController.swift */; };
		5451B626206B4EBA009169A9 /* MapViewController.swift in Sources */ = {isa = PBXBuildFile; fileRef = 5451B625206B4EBA009169A9 /* MapViewController.swift */; };
		54A21776205C60AB00833B35 /* AppDelegate.swift in Sources */ = {isa = PBXBuildFile; fileRef = 54A21775205C60AB00833B35 /* AppDelegate.swift */; };
		54A2177B205C60AB00833B35 /* Main.storyboard in Resources */ = {isa = PBXBuildFile; fileRef = 54A21779205C60AB00833B35 /* Main.storyboard */; };
		54A2177D205C60AB00833B35 /* Assets.xcassets in Resources */ = {isa = PBXBuildFile; fileRef = 54A2177C205C60AB00833B35 /* Assets.xcassets */; };
		54A21780205C60AB00833B35 /* LaunchScreen.storyboard in Resources */ = {isa = PBXBuildFile; fileRef = 54A2177E205C60AB00833B35 /* LaunchScreen.storyboard */; };
		54A2178B205C73E700833B35 /* EDT-Logo.png in Resources */ = {isa = PBXBuildFile; fileRef = 54A2178A205C73E700833B35 /* EDT-Logo.png */; };
/* End PBXBuildFile section */

/* Begin PBXFileReference section */
		5451B61F206AFE8B009169A9 /* ViewController.swift */ = {isa = PBXFileReference; lastKnownFileType = sourcecode.swift; path = ViewController.swift; sourceTree = "<group>"; };
		5451B621206B0CCB009169A9 /* TableViewCell.swift */ = {isa = PBXFileReference; lastKnownFileType = sourcecode.swift; path = TableViewCell.swift; sourceTree = "<group>"; };
		5451B623206B30ED009169A9 /* WebViewController.swift */ = {isa = PBXFileReference; lastKnownFileType = sourcecode.swift; path = WebViewController.swift; sourceTree = "<group>"; };
		5451B625206B4EBA009169A9 /* MapViewController.swift */ = {isa = PBXFileReference; lastKnownFileType = sourcecode.swift; path = MapViewController.swift; sourceTree = "<group>"; };
		54A21772205C60AB00833B35 /* EDT.app */ = {isa = PBXFileReference; explicitFileType = wrapper.application; includeInIndex = 0; path = EDT.app; sourceTree = BUILT_PRODUCTS_DIR; };
		54A21775205C60AB00833B35 /* AppDelegate.swift */ = {isa = PBXFileReference; lastKnownFileType = sourcecode.swift; path = AppDelegate.swift; sourceTree = "<group>"; };
		54A2177A205C60AB00833B35 /* Base */ = {isa = PBXFileReference; lastKnownFileType = file.storyboard; name = Base; path = Base.lproj/Main.storyboard; sourceTree = "<group>"; };
		54A2177C205C60AB00833B35 /* Assets.xcassets */ = {isa = PBXFileReference; lastKnownFileType = folder.assetcatalog; path = Assets.xcassets; sourceTree = "<group>"; };
		54A2177F205C60AB00833B35 /* Base */ = {isa = PBXFileReference; lastKnownFileType = file.storyboard; name = Base; path = Base.lproj/LaunchScreen.storyboard; sourceTree = "<group>"; };
		54A21781205C60AB00833B35 /* Info.plist */ = {isa = PBXFileReference; lastKnownFileType = text.plist.xml; path = Info.plist; sourceTree = "<group>"; };
		54A2178A205C73E700833B35 /* EDT-Logo.png */ = {isa = PBXFileReference; lastKnownFileType = image.png; path = "EDT-Logo.png"; sourceTree = "<group>"; };
/* End PBXFileReference section */

/* Begin PBXFrameworksBuildPhase section */
		54A2176F205C60AB00833B35 /* Frameworks */ = {
			isa = PBXFrameworksBuildPhase;
			buildActionMask = 2147483647;
			files = (
			);
			runOnlyForDeploymentPostprocessing = 0;
		};
/* End PBXFrameworksBuildPhase section */

/* Begin PBXGroup section */
		54A21769205C60AB00833B35 = {
			isa = PBXGroup;
			children = (
				54A21774205C60AB00833B35 /* EDT */,
				54A21773205C60AB00833B35 /* Products */,
			);
			sourceTree = "<group>";
		};
		54A21773205C60AB00833B35 /* Products */ = {
			isa = PBXGroup;
			children = (
				54A21772205C60AB00833B35 /* EDT.app */,
			);
			name = Products;
			sourceTree = "<group>";
		};
		54A21774205C60AB00833B35 /* EDT */ = {
			isa = PBXGroup;
			children = (
				54A21789205C73C000833B35 /* Images */,
				54A21775205C60AB00833B35 /* AppDelegate.swift */,
				5451B625206B4EBA009169A9 /* MapViewController.swift */,
				5451B61F206AFE8B009169A9 /* ViewController.swift */,
				5451B623206B30ED009169A9 /* WebViewController.swift */,
				5451B621206B0CCB009169A9 /* TableViewCell.swift */,
				54A21779205C60AB00833B35 /* Main.storyboard */,
				54A2177C205C60AB00833B35 /* Assets.xcassets */,
				54A2177E205C60AB00833B35 /* LaunchScreen.storyboard */,
				54A21781205C60AB00833B35 /* Info.plist */,
			);
			path = EDT;
			sourceTree = "<group>";
		};
		54A21789205C73C000833B35 /* Images */ = {
			isa = PBXGroup;
			children = (
				54A2178A205C73E700833B35 /* EDT-Logo.png */,
			);
			path = Images;
			sourceTree = "<group>";
		};
/* End PBXGroup section */

/* Begin PBXNativeTarget section */
		54A21771205C60AB00833B35 /* EDT */ = {
			isa = PBXNativeTarget;
			buildConfigurationList = 54A21784205C60AB00833B35 /* Build configuration list for PBXNativeTarget "EDT" */;
			buildPhases = (
				54A2176E205C60AB00833B35 /* Sources */,
				54A2176F205C60AB00833B35 /* Frameworks */,
				54A21770205C60AB00833B35 /* Resources */,
			);
			buildRules = (
			);
			dependencies = (
			);
			name = EDT;
			productName = EDT;
			productReference = 54A21772205C60AB00833B35 /* EDT.app */;
			productType = "com.apple.product-type.application";
		};
/* End PBXNativeTarget section */

/* Begin PBXProject section */
		54A2176A205C60AB00833B35 /* Project object */ = {
			isa = PBXProject;
			attributes = {
				LastSwiftUpdateCheck = 0920;
				LastUpgradeCheck = 0920;
				ORGANIZATIONNAME = "Maciek Girek";
				TargetAttributes = {
					54A21771205C60AB00833B35 = {
						CreatedOnToolsVersion = 9.2;
						ProvisioningStyle = Automatic;
					};
				};
			};
			buildConfigurationList = 54A2176D205C60AB00833B35 /* Build configuration list for PBXProject "EDT" */;
			compatibilityVersion = "Xcode 8.0";
			developmentRegion = en;
			hasScannedForEncodings = 0;
			knownRegions = (
				en,
				Base,
			);
			mainGroup = 54A21769205C60AB00833B35;
			productRefGroup = 54A21773205C60AB00833B35 /* Products */;
			projectDirPath = "";
			projectRoot = "";
			targets = (
				54A21771205C60AB00833B35 /* EDT */,
			);
		};
/* End PBXProject section */

/* Begin PBXResourcesBuildPhase section */
		54A21770205C60AB00833B35 /* Resources */ = {
			isa = PBXResourcesBuildPhase;
			buildActionMask = 2147483647;
			files = (
				54A21780205C60AB00833B35 /* LaunchScreen.storyboard in Resources */,
				54A2177D205C60AB00833B35 /* Assets.xcassets in Resources */,
				54A2178B205C73E700833B35 /* EDT-Logo.png in Resources */,
				54A2177B205C60AB00833B35 /* Main.storyboard in Resources */,
			);
			runOnlyForDeploymentPostprocessing = 0;
		};
/* End PBXResourcesBuildPhase section */

/* Begin PBXSourcesBuildPhase section */
		54A2176E205C60AB00833B35 /* Sources */ = {
			isa = PBXSourcesBuildPhase;
			buildActionMask = 2147483647;
			files = (
				5451B620206AFE8B009169A9 /* ViewController.swift in Sources */,
				5451B622206B0CCB009169A9 /* TableViewCell.swift in Sources */,
				54A21776205C60AB00833B35 /* AppDelegate.swift in Sources */,
				5451B626206B4EBA009169A9 /* MapViewController.swift in Sources */,
				5451B624206B30ED009169A9 /* WebViewController.swift in Sources */,
			);
			runOnlyForDeploymentPostprocessing = 0;
		};
/* End PBXSourcesBuildPhase section */

/* Begin PBXVariantGroup section */
		54A21779205C60AB00833B35 /* Main.storyboard */ = {
			isa = PBXVariantGroup;
			children = (
				54A2177A205C60AB00833B35 /* Base */,
			);
			name = Main.storyboard;
			sourceTree = "<group>";
		};
		54A2177E205C60AB00833B35 /* LaunchScreen.storyboard */ = {
			isa = PBXVariantGroup;
			children = (
				54A2177F205C60AB00833B35 /* Base */,
			);
			name = LaunchScreen.storyboard;
			sourceTree = "<group>";
		};
/* End PBXVariantGroup section */

/* Begin XCBuildConfiguration section */
		54A21782205C60AB00833B35 /* Debug */ = {
			isa = XCBuildConfiguration;
			buildSettings = {
				ALWAYS_SEARCH_USER_PATHS = NO;
				CLANG_ANALYZER_NONNULL = YES;
				CLANG_ANALYZER_NUMBER_OBJECT_CONVERSION = YES_AGGRESSIVE;
				CLANG_CXX_LANGUAGE_STANDARD = "gnu++14";
				CLANG_CXX_LIBRARY = "libc++";
				CLANG_ENABLE_MODULES = YES;
				CLANG_ENABLE_OBJC_ARC = YES;
				CLANG_WARN_BLOCK_CAPTURE_AUTORELEASING = YES;
				CLANG_WARN_BOOL_CONVERSION = YES;
				CLANG_WARN_COMMA = YES;
				CLANG_WARN_CONSTANT_CONVERSION = YES;
				CLANG_WARN_DIRECT_OBJC_ISA_USAGE = YES_ERROR;
				CLANG_WARN_DOCUMENTATION_COMMENTS = YES;
				CLANG_WARN_EMPTY_BODY = YES;
				CLANG_WARN_ENUM_CONVERSION = YES;
				CLANG_WARN_INFINITE_RECURSION = YES;
				CLANG_WARN_INT_CONVERSION = YES;
				CLANG_WARN_NON_LITERAL_NULL_CONVERSION = YES;
				CLANG_WARN_OBJC_LITERAL_CONVERSION = YES;
				CLANG_WARN_OBJC_ROOT_CLASS = YES_ERROR;
				CLANG_WARN_RANGE_LOOP_ANALYSIS = YES;
				CLANG_WARN_STRICT_PROTOTYPES = YES;
				CLANG_WARN_SUSPICIOUS_MOVE = YES;
				CLANG_WARN_UNGUARDED_AVAILABILITY = YES_AGGRESSIVE;
				CLANG_WARN_UNREACHABLE_CODE = YES;
				CLANG_WARN__DUPLICATE_METHOD_MATCH = YES;
				CODE_SIGN_IDENTITY = "iPhone Developer";
				COPY_PHASE_STRIP = NO;
				DEBUG_INFORMATION_FORMAT = dwarf;
				ENABLE_STRICT_OBJC_MSGSEND = YES;
				ENABLE_TESTABILITY = YES;
				GCC_C_LANGUAGE_STANDARD = gnu11;
				GCC_DYNAMIC_NO_PIC = NO;
				GCC_NO_COMMON_BLOCKS = YES;
				GCC_OPTIMIZATION_LEVEL = 0;
				GCC_PREPROCESSOR_DEFINITIONS = (
					"DEBUG=1",
					"$(inherited)",
				);
				GCC_WARN_64_TO_32_BIT_CONVERSION = YES;
				GCC_WARN_ABOUT_RETURN_TYPE = YES_ERROR;
				GCC_WARN_UNDECLARED_SELECTOR = YES;
				GCC_WARN_UNINITIALIZED_AUTOS = YES_AGGRESSIVE;
				GCC_WARN_UNUSED_FUNCTION = YES;
				GCC_WARN_UNUSED_VARIABLE = YES;
				IPHONEOS_DEPLOYMENT_TARGET = 11.2;
				MTL_ENABLE_DEBUG_INFO = YES;
				ONLY_ACTIVE_ARCH = YES;
				SDKROOT = iphoneos;
				SWIFT_ACTIVE_COMPILATION_CONDITIONS = DEBUG;
				SWIFT_OPTIMIZATION_LEVEL = "-Onone";
			};
			name = Debug;
		};
		54A21783205C60AB00833B35 /* Release */ = {
			isa = XCBuildConfiguration;
			buildSettings = {
				ALWAYS_SEARCH_USER_PATHS = NO;
				CLANG_ANALYZER_NONNULL = YES;
				CLANG_ANALYZER_NUMBER_OBJECT_CONVERSION = YES_AGGRESSIVE;
				CLANG_CXX_LANGUAGE_STANDARD = "gnu++14";
				CLANG_CXX_LIBRARY = "libc++";
				CLANG_ENABLE_MODULES = YES;
				CLANG_ENABLE_OBJC_ARC = YES;
				CLANG_WARN_BLOCK_CAPTURE_AUTORELEASING = YES;
				CLANG_WARN_BOOL_CONVERSION = YES;
				CLANG_WARN_COMMA = YES;
				CLANG_WARN_CONSTANT_CONVERSION = YES;
				CLANG_WARN_DIRECT_OBJC_ISA_USAGE = YES_ERROR;
				CLANG_WARN_DOCUMENTATION_COMMENTS = YES;
				CLANG_WARN_EMPTY_BODY = YES;
				CLANG_WARN_ENUM_CONVERSION = YES;
				CLANG_WARN_INFINITE_RECURSION = YES;
				CLANG_WARN_INT_CONVERSION = YES;
				CLANG_WARN_NON_LITERAL_NULL_CONVERSION = YES;
				CLANG_WARN_OBJC_LITERAL_CONVERSION = YES;
				CLANG_WARN_OBJC_ROOT_CLASS = YES_ERROR;
				CLANG_WARN_RANGE_LOOP_ANALYSIS = YES;
				CLANG_WARN_STRICT_PROTOTYPES = YES;
				CLANG_WARN_SUSPICIOUS_MOVE = YES;
				CLANG_WARN_UNGUARDED_AVAILABILITY = YES_AGGRESSIVE;
				CLANG_WARN_UNREACHABLE_CODE = YES;
				CLANG_WARN__DUPLICATE_METHOD_MATCH = YES;
				CODE_SIGN_IDENTITY = "iPhone Developer";
				COPY_PHASE_STRIP = NO;
				DEBUG_INFORMATION_FORMAT = "dwarf-with-dsym";
				ENABLE_NS_ASSERTIONS = NO;
				ENABLE_STRICT_OBJC_MSGSEND = YES;
				GCC_C_LANGUAGE_STANDARD = gnu11;
				GCC_NO_COMMON_BLOCKS = YES;
				GCC_WARN_64_TO_32_BIT_CONVERSION = YES;
				GCC_WARN_ABOUT_RETURN_TYPE = YES_ERROR;
				GCC_WARN_UNDECLARED_SELECTOR = YES;
				GCC_WARN_UNINITIALIZED_AUTOS = YES_AGGRESSIVE;
				GCC_WARN_UNUSED_FUNCTION = YES;
				GCC_WARN_UNUSED_VARIABLE = YES;
				IPHONEOS_DEPLOYMENT_TARGET = 11.2;
				MTL_ENABLE_DEBUG_INFO = NO;
				SDKROOT = iphoneos;
				SWIFT_OPTIMIZATION_LEVEL = "-Owholemodule";
				VALIDATE_PRODUCT = YES;
			};
			name = Release;
		};
		54A21785205C60AB00833B35 /* Debug */ = {
			isa = XCBuildConfiguration;
			buildSettings = {
				ASSETCATALOG_COMPILER_APPICON_NAME = AppIcon;
				CODE_SIGN_STYLE = Automatic;
				INFOPLIST_FILE = EDT/Info.plist;
				LD_RUNPATH_SEARCH_PATHS = "$(inherited) @executable_path/Frameworks";
				PRODUCT_BUNDLE_IDENTIFIER = MaciejGirek.EDT;
				PRODUCT_NAME = "$(TARGET_NAME)";
				SWIFT_VERSION = 4.0;
				TARGETED_DEVICE_FAMILY = "1,2";
			};
			name = Debug;
		};
		54A21786205C60AB00833B35 /* Release */ = {
			isa = XCBuildConfiguration;
			buildSettings = {
				ASSETCATALOG_COMPILER_APPICON_NAME = AppIcon;
				CODE_SIGN_STYLE = Automatic;
				INFOPLIST_FILE = EDT/Info.plist;
				LD_RUNPATH_SEARCH_PATHS = "$(inherited) @executable_path/Frameworks";
				PRODUCT_BUNDLE_IDENTIFIER = MaciejGirek.EDT;
				PRODUCT_NAME = "$(TARGET_NAME)";
				SWIFT_VERSION = 4.0;
				TARGETED_DEVICE_FAMILY = "1,2";
			};
			name = Release;
		};
/* End XCBuildConfiguration section */

/* Begin XCConfigurationList section */
		54A2176D205C60AB00833B35 /* Build configuration list for PBXProject "EDT" */ = {
			isa = XCConfigurationList;
			buildConfigurations = (
				54A21782205C60AB00833B35 /* Debug */,
				54A21783205C60AB00833B35 /* Release */,
			);
			defaultConfigurationIsVisible = 0;
			defaultConfigurationName = Release;
		};
		54A21784205C60AB00833B35 /* Build configuration list for PBXNativeTarget "EDT" */ = {
			isa = XCConfigurationList;
			buildConfigurations = (
				54A21785205C60AB00833B35 /* Debug */,
				54A21786205C60AB00833B35 /* Release */,
			);
			defaultConfigurationIsVisible = 0;
			defaultConfigurationName = Release;
		};
/* End XCConfigurationList section */
	};
	rootObject = 54A2176A205C60AB00833B35 /* Project object */;
}
